// !$*UTF8*$!
{
	archiveVersion = 1;
	classes = {
	};
	objectVersion = 50;
	objects = {

/* Begin PBXBuildFile section */
		192B850824CC097800DD2CBA /* AppDelegate.swift in Sources */ = {isa = PBXBuildFile; fileRef = 192B850724CC097800DD2CBA /* AppDelegate.swift */; };
		192B850A24CC097800DD2CBA /* SceneDelegate.swift in Sources */ = {isa = PBXBuildFile; fileRef = 192B850924CC097800DD2CBA /* SceneDelegate.swift */; };
		192B850C24CC097800DD2CBA /* ContentView.swift in Sources */ = {isa = PBXBuildFile; fileRef = 192B850B24CC097800DD2CBA /* ContentView.swift */; };
		192B850E24CC097B00DD2CBA /* Assets.xcassets in Resources */ = {isa = PBXBuildFile; fileRef = 192B850D24CC097B00DD2CBA /* Assets.xcassets */; };
		192B851124CC097B00DD2CBA /* Preview Assets.xcassets in Resources */ = {isa = PBXBuildFile; fileRef = 192B851024CC097B00DD2CBA /* Preview Assets.xcassets */; };
		192B851424CC097B00DD2CBA /* LaunchScreen.storyboard in Resources */ = {isa = PBXBuildFile; fileRef = 192B851224CC097B00DD2CBA /* LaunchScreen.storyboard */; };
		192E48EC24DBFAF100C9B97B /* Networking.swift in Sources */ = {isa = PBXBuildFile; fileRef = 192E48EB24DBFAF100C9B97B /* Networking.swift */; };
		192E48EE24DBFBC600C9B97B /* Data.swift in Sources */ = {isa = PBXBuildFile; fileRef = 192E48ED24DBFBC600C9B97B /* Data.swift */; };
		192E48F024DBFBED00C9B97B /* Countries.swift in Sources */ = {isa = PBXBuildFile; fileRef = 192E48EF24DBFBED00C9B97B /* Countries.swift */; };
		192E48F324DC2E3500C9B97B /* Country.swift in Sources */ = {isa = PBXBuildFile; fileRef = 192E48F224DC2E3500C9B97B /* Country.swift */; };
		192E48F724DC7FBC00C9B97B /* Label.swift in Sources */ = {isa = PBXBuildFile; fileRef = 192E48F624DC7FBC00C9B97B /* Label.swift */; };
		192E48FC24DD39EA00C9B97B /* ImageContainer.swift in Sources */ = {isa = PBXBuildFile; fileRef = 192E48FB24DD39EA00C9B97B /* ImageContainer.swift */; };
		192E48FE24DD3AF200C9B97B /* remoteImage.swift in Sources */ = {isa = PBXBuildFile; fileRef = 192E48FD24DD3AF200C9B97B /* remoteImage.swift */; };
		192E490224DD94F600C9B97B /* InfoScreen.swift in Sources */ = {isa = PBXBuildFile; fileRef = 192E490124DD94F600C9B97B /* InfoScreen.swift */; };
		19FAA6C524E148D000088B68 /* 19-covid19-converted.pdf in Resources */ = {isa = PBXBuildFile; fileRef = 19FAA6C424E148D000088B68 /* 19-covid19-converted.pdf */; };
/* End PBXBuildFile section */

/* Begin PBXFileReference section */
		192B850424CC097800DD2CBA /* CoronaUpdate.app */ = {isa = PBXFileReference; explicitFileType = wrapper.application; includeInIndex = 0; path = CoronaUpdate.app; sourceTree = BUILT_PRODUCTS_DIR; };
		192B850724CC097800DD2CBA /* AppDelegate.swift */ = {isa = PBXFileReference; lastKnownFileType = sourcecode.swift; path = AppDelegate.swift; sourceTree = "<group>"; };
		192B850924CC097800DD2CBA /* SceneDelegate.swift */ = {isa = PBXFileReference; lastKnownFileType = sourcecode.swift; path = SceneDelegate.swift; sourceTree = "<group>"; };
		192B850B24CC097800DD2CBA /* ContentView.swift */ = {isa = PBXFileReference; lastKnownFileType = sourcecode.swift; path = ContentView.swift; sourceTree = "<group>"; };
		192B850D24CC097B00DD2CBA /* Assets.xcassets */ = {isa = PBXFileReference; lastKnownFileType = folder.assetcatalog; path = Assets.xcassets; sourceTree = "<group>"; };
		192B851024CC097B00DD2CBA /* Preview Assets.xcassets */ = {isa = PBXFileReference; lastKnownFileType = folder.assetcatalog; path = "Preview Assets.xcassets"; sourceTree = "<group>"; };
		192B851324CC097B00DD2CBA /* Base */ = {isa = PBXFileReference; lastKnownFileType = file.storyboard; name = Base; path = Base.lproj/LaunchScreen.storyboard; sourceTree = "<group>"; };
		192B851524CC097B00DD2CBA /* Info.plist */ = {isa = PBXFileReference; lastKnownFileType = text.plist.xml; path = Info.plist; sourceTree = "<group>"; };
		192E48EB24DBFAF100C9B97B /* Networking.swift */ = {isa = PBXFileReference; lastKnownFileType = sourcecode.swift; path = Networking.swift; sourceTree = "<group>"; };
		192E48ED24DBFBC600C9B97B /* Data.swift */ = {isa = PBXFileReference; lastKnownFileType = sourcecode.swift; path = Data.swift; sourceTree = "<group>"; };
		192E48EF24DBFBED00C9B97B /* Countries.swift */ = {isa = PBXFileReference; lastKnownFileType = sourcecode.swift; path = Countries.swift; sourceTree = "<group>"; };
		192E48F224DC2E3500C9B97B /* Country.swift */ = {isa = PBXFileReference; lastKnownFileType = sourcecode.swift; path = Country.swift; sourceTree = "<group>"; };
		192E48F624DC7FBC00C9B97B /* Label.swift */ = {isa = PBXFileReference; lastKnownFileType = sourcecode.swift; path = Label.swift; sourceTree = "<group>"; };
		192E48FB24DD39EA00C9B97B /* ImageContainer.swift */ = {isa = PBXFileReference; lastKnownFileType = sourcecode.swift; path = ImageContainer.swift; sourceTree = "<group>"; };
		192E48FD24DD3AF200C9B97B /* remoteImage.swift */ = {isa = PBXFileReference; lastKnownFileType = sourcecode.swift; path = remoteImage.swift; sourceTree = "<group>"; };
		192E490124DD94F600C9B97B /* InfoScreen.swift */ = {isa = PBXFileReference; lastKnownFileType = sourcecode.swift; path = InfoScreen.swift; sourceTree = "<group>"; };
		19FAA6C424E148D000088B68 /* 19-covid19-converted.pdf */ = {isa = PBXFileReference; lastKnownFileType = image.pdf; path = "19-covid19-converted.pdf"; sourceTree = "<group>"; };
/* End PBXFileReference section */

/* Begin PBXFrameworksBuildPhase section */
		192B850124CC097800DD2CBA /* Frameworks */ = {
			isa = PBXFrameworksBuildPhase;
			buildActionMask = 2147483647;
			files = (
			);
			runOnlyForDeploymentPostprocessing = 0;
		};
/* End PBXFrameworksBuildPhase section */

/* Begin PBXGroup section */
		192B84FB24CC097800DD2CBA = {
			isa = PBXGroup;
			children = (
				192B850624CC097800DD2CBA /* CoronaUpdate */,
				192B850524CC097800DD2CBA /* Products */,
			);
			sourceTree = "<group>";
		};
		192B850524CC097800DD2CBA /* Products */ = {
			isa = PBXGroup;
			children = (
				192B850424CC097800DD2CBA /* CoronaUpdate.app */,
			);
			name = Products;
			sourceTree = "<group>";
		};
		192B850624CC097800DD2CBA /* CoronaUpdate */ = {
			isa = PBXGroup;
			children = (
				192E48EA24DBFAD700C9B97B /* Networking */,
				192B850724CC097800DD2CBA /* AppDelegate.swift */,
				192E48FA24DD39D100C9B97B /* Image */,
				192E48F124DC2E0A00C9B97B /* Views */,
				192B850D24CC097B00DD2CBA /* Assets.xcassets */,
				192B851224CC097B00DD2CBA /* LaunchScreen.storyboard */,
				192B851524CC097B00DD2CBA /* Info.plist */,
				192B850F24CC097B00DD2CBA /* Preview Content */,
			);
			path = CoronaUpdate;
			sourceTree = "<group>";
		};
		192B850F24CC097B00DD2CBA /* Preview Content */ = {
			isa = PBXGroup;
			children = (
				192B851024CC097B00DD2CBA /* Preview Assets.xcassets */,
			);
			path = "Preview Content";
			sourceTree = "<group>";
		};
		192E48EA24DBFAD700C9B97B /* Networking */ = {
			isa = PBXGroup;
			children = (
				192E48EB24DBFAF100C9B97B /* Networking.swift */,
				192E48ED24DBFBC600C9B97B /* Data.swift */,
				192E48EF24DBFBED00C9B97B /* Countries.swift */,
			);
			path = Networking;
			sourceTree = "<group>";
		};
		192E48F124DC2E0A00C9B97B /* Views */ = {
			isa = PBXGroup;
			children = (
				192B850924CC097800DD2CBA /* SceneDelegate.swift */,
				192B850B24CC097800DD2CBA /* ContentView.swift */,
				192E48F224DC2E3500C9B97B /* Country.swift */,
				192E48F624DC7FBC00C9B97B /* Label.swift */,
				192E490124DD94F600C9B97B /* InfoScreen.swift */,
				19FAA6C424E148D000088B68 /* 19-covid19-converted.pdf */,
			);
			path = Views;
			sourceTree = "<group>";
		};
		192E48FA24DD39D100C9B97B /* Image */ = {
			isa = PBXGroup;
			children = (
				192E48FB24DD39EA00C9B97B /* ImageContainer.swift */,
				192E48FD24DD3AF200C9B97B /* remoteImage.swift */,
			);
			path = Image;
			sourceTree = "<group>";
		};
/* End PBXGroup section */

/* Begin PBXNativeTarget section */
		192B850324CC097800DD2CBA /* CoronaUpdate */ = {
			isa = PBXNativeTarget;
			buildConfigurationList = 192B851824CC097B00DD2CBA /* Build configuration list for PBXNativeTarget "CoronaUpdate" */;
			buildPhases = (
				192B850024CC097800DD2CBA /* Sources */,
				192B850124CC097800DD2CBA /* Frameworks */,
				192B850224CC097800DD2CBA /* Resources */,
			);
			buildRules = (
			);
			dependencies = (
			);
			name = CoronaUpdate;
			productName = CoronaUpdate;
			productReference = 192B850424CC097800DD2CBA /* CoronaUpdate.app */;
			productType = "com.apple.product-type.application";
		};
/* End PBXNativeTarget section */

/* Begin PBXProject section */
		192B84FC24CC097800DD2CBA /* Project object */ = {
			isa = PBXProject;
			attributes = {
				LastSwiftUpdateCheck = 1160;
				LastUpgradeCheck = 1160;
				ORGANIZATIONNAME = jagjeet;
				TargetAttributes = {
					192B850324CC097800DD2CBA = {
						CreatedOnToolsVersion = 11.6;
					};
				};
			};
			buildConfigurationList = 192B84FF24CC097800DD2CBA /* Build configuration list for PBXProject "CoronaUpdate" */;
			compatibilityVersion = "Xcode 9.3";
			developmentRegion = en;
			hasScannedForEncodings = 0;
			knownRegions = (
				en,
				Base,
			);
			mainGroup = 192B84FB24CC097800DD2CBA;
			productRefGroup = 192B850524CC097800DD2CBA /* Products */;
			projectDirPath = "";
			projectRoot = "";
			targets = (
				192B850324CC097800DD2CBA /* CoronaUpdate */,
			);
		};
/* End PBXProject section */

/* Begin PBXResourcesBuildPhase section */
		192B850224CC097800DD2CBA /* Resources */ = {
			isa = PBXResourcesBuildPhase;
			buildActionMask = 2147483647;
			files = (
				192B851424CC097B00DD2CBA /* LaunchScreen.storyboard in Resources */,
				19FAA6C524E148D000088B68 /* 19-covid19-converted.pdf in Resources */,
				192B851124CC097B00DD2CBA /* Preview Assets.xcassets in Resources */,
				192B850E24CC097B00DD2CBA /* Assets.xcassets in Resources */,
			);
			runOnlyForDeploymentPostprocessing = 0;
		};
/* End PBXResourcesBuildPhase section */

/* Begin PBXSourcesBuildPhase section */
		192B850024CC097800DD2CBA /* Sources */ = {
			isa = PBXSourcesBuildPhase;
			buildActionMask = 2147483647;
			files = (
				192E48F324DC2E3500C9B97B /* Country.swift in Sources */,
				192E490224DD94F600C9B97B /* InfoScreen.swift in Sources */,
				192B850824CC097800DD2CBA /* AppDelegate.swift in Sources */,
				192E48EE24DBFBC600C9B97B /* Data.swift in Sources */,
				192E48FE24DD3AF200C9B97B /* remoteImage.swift in Sources */,
				192B850A24CC097800DD2CBA /* SceneDelegate.swift in Sources */,
				192B850C24CC097800DD2CBA /* ContentView.swift in Sources */,
				192E48F024DBFBED00C9B97B /* Countries.swift in Sources */,
				192E48F724DC7FBC00C9B97B /* Label.swift in Sources */,
				192E48EC24DBFAF100C9B97B /* Networking.swift in Sources */,
				192E48FC24DD39EA00C9B97B /* ImageContainer.swift in Sources */,
			);
			runOnlyForDeploymentPostprocessing = 0;
		};
/* End PBXSourcesBuildPhase section */

/* Begin PBXVariantGroup section */
		192B851224CC097B00DD2CBA /* LaunchScreen.storyboard */ = {
			isa = PBXVariantGroup;
			children = (
				192B851324CC097B00DD2CBA /* Base */,
			);
			name = LaunchScreen.storyboard;
			sourceTree = "<group>";
		};
/* End PBXVariantGroup section */

/* Begin XCBuildConfiguration section */
		192B851624CC097B00DD2CBA /* Debug */ = {
			isa = XCBuildConfiguration;
			buildSettings = {
				ALWAYS_SEARCH_USER_PATHS = NO;
				CLANG_ANALYZER_NONNULL = YES;
				CLANG_ANALYZER_NUMBER_OBJECT_CONVERSION = YES_AGGRESSIVE;
				CLANG_CXX_LANGUAGE_STANDARD = "gnu++14";
				CLANG_CXX_LIBRARY = "libc++";
				CLANG_ENABLE_MODULES = YES;
				CLANG_ENABLE_OBJC_ARC = YES;
				CLANG_ENABLE_OBJC_WEAK = YES;
				CLANG_WARN_BLOCK_CAPTURE_AUTORELEASING = YES;
				CLANG_WARN_BOOL_CONVERSION = YES;
				CLANG_WARN_COMMA = YES;
				CLANG_WARN_CONSTANT_CONVERSION = YES;
				CLANG_WARN_DEPRECATED_OBJC_IMPLEMENTATIONS = YES;
				CLANG_WARN_DIRECT_OBJC_ISA_USAGE = YES_ERROR;
				CLANG_WARN_DOCUMENTATION_COMMENTS = YES;
				CLANG_WARN_EMPTY_BODY = YES;
				CLANG_WARN_ENUM_CONVERSION = YES;
				CLANG_WARN_INFINITE_RECURSION = YES;
				CLANG_WARN_INT_CONVERSION = YES;
				CLANG_WARN_NON_LITERAL_NULL_CONVERSION = YES;
				CLANG_WARN_OBJC_IMPLICIT_RETAIN_SELF = YES;
				CLANG_WARN_OBJC_LITERAL_CONVERSION = YES;
				CLANG_WARN_OBJC_ROOT_CLASS = YES_ERROR;
				CLANG_WARN_RANGE_LOOP_ANALYSIS = YES;
				CLANG_WARN_STRICT_PROTOTYPES = YES;
				CLANG_WARN_SUSPICIOUS_MOVE = YES;
				CLANG_WARN_UNGUARDED_AVAILABILITY = YES_AGGRESSIVE;
				CLANG_WARN_UNREACHABLE_CODE = YES;
				CLANG_WARN__DUPLICATE_METHOD_MATCH = YES;
				COPY_PHASE_STRIP = NO;
				DEBUG_INFORMATION_FORMAT = dwarf;
				ENABLE_STRICT_OBJC_MSGSEND = YES;
				ENABLE_TESTABILITY = YES;
				GCC_C_LANGUAGE_STANDARD = gnu11;
				GCC_DYNAMIC_NO_PIC = NO;
				GCC_NO_COMMON_BLOCKS = YES;
				GCC_OPTIMIZATION_LEVEL = 0;
				GCC_PREPROCESSOR_DEFINITIONS = (
					"DEBUG=1",
					"$(inherited)",
				);
				GCC_WARN_64_TO_32_BIT_CONVERSION = YES;
				GCC_WARN_ABOUT_RETURN_TYPE = YES_ERROR;
				GCC_WARN_UNDECLARED_SELECTOR = YES;
				GCC_WARN_UNINITIALIZED_AUTOS = YES_AGGRESSIVE;
				GCC_WARN_UNUSED_FUNCTION = YES;
				GCC_WARN_UNUSED_VARIABLE = YES;
				IPHONEOS_DEPLOYMENT_TARGET = 13.6;
				MTL_ENABLE_DEBUG_INFO = INCLUDE_SOURCE;
				MTL_FAST_MATH = YES;
				ONLY_ACTIVE_ARCH = YES;
				SDKROOT = iphoneos;
				SWIFT_ACTIVE_COMPILATION_CONDITIONS = DEBUG;
				SWIFT_OPTIMIZATION_LEVEL = "-Onone";
			};
			name = Debug;
		};
		192B851724CC097B00DD2CBA /* Release */ = {
			isa = XCBuildConfiguration;
			buildSettings = {
				ALWAYS_SEARCH_USER_PATHS = NO;
				CLANG_ANALYZER_NONNULL = YES;
				CLANG_ANALYZER_NUMBER_OBJECT_CONVERSION = YES_AGGRESSIVE;
				CLANG_CXX_LANGUAGE_STANDARD = "gnu++14";
				CLANG_CXX_LIBRARY = "libc++";
				CLANG_ENABLE_MODULES = YES;
				CLANG_ENABLE_OBJC_ARC = YES;
				CLANG_ENABLE_OBJC_WEAK = YES;
				CLANG_WARN_BLOCK_CAPTURE_AUTORELEASING = YES;
				CLANG_WARN_BOOL_CONVERSION = YES;
				CLANG_WARN_COMMA = YES;
				CLANG_WARN_CONSTANT_CONVERSION = YES;
				CLANG_WARN_DEPRECATED_OBJC_IMPLEMENTATIONS = YES;
				CLANG_WARN_DIRECT_OBJC_ISA_USAGE = YES_ERROR;
				CLANG_WARN_DOCUMENTATION_COMMENTS = YES;
				CLANG_WARN_EMPTY_BODY = YES;
				CLANG_WARN_ENUM_CONVERSION = YES;
				CLANG_WARN_INFINITE_RECURSION = YES;
				CLANG_WARN_INT_CONVERSION = YES;
				CLANG_WARN_NON_LITERAL_NULL_CONVERSION = YES;
				CLANG_WARN_OBJC_IMPLICIT_RETAIN_SELF = YES;
				CLANG_WARN_OBJC_LITERAL_CONVERSION = YES;
				CLANG_WARN_OBJC_ROOT_CLASS = YES_ERROR;
				CLANG_WARN_RANGE_LOOP_ANALYSIS = YES;
				CLANG_WARN_STRICT_PROTOTYPES = YES;
				CLANG_WARN_SUSPICIOUS_MOVE = YES;
				CLANG_WARN_UNGUARDED_AVAILABILITY = YES_AGGRESSIVE;
				CLANG_WARN_UNREACHABLE_CODE = YES;
				CLANG_WARN__DUPLICATE_METHOD_MATCH = YES;
				COPY_PHASE_STRIP = NO;
				DEBUG_INFORMATION_FORMAT = "dwarf-with-dsym";
				ENABLE_NS_ASSERTIONS = NO;
				ENABLE_STRICT_OBJC_MSGSEND = YES;
				GCC_C_LANGUAGE_STANDARD = gnu11;
				GCC_NO_COMMON_BLOCKS = YES;
				GCC_WARN_64_TO_32_BIT_CONVERSION = YES;
				GCC_WARN_ABOUT_RETURN_TYPE = YES_ERROR;
				GCC_WARN_UNDECLARED_SELECTOR = YES;
				GCC_WARN_UNINITIALIZED_AUTOS = YES_AGGRESSIVE;
				GCC_WARN_UNUSED_FUNCTION = YES;
				GCC_WARN_UNUSED_VARIABLE = YES;
				IPHONEOS_DEPLOYMENT_TARGET = 13.6;
				MTL_ENABLE_DEBUG_INFO = NO;
				MTL_FAST_MATH = YES;
				SDKROOT = iphoneos;
				SWIFT_COMPILATION_MODE = wholemodule;
				SWIFT_OPTIMIZATION_LEVEL = "-O";
				VALIDATE_PRODUCT = YES;
			};
			name = Release;
		};
		192B851924CC097B00DD2CBA /* Debug */ = {
			isa = XCBuildConfiguration;
			buildSettings = {
				ASSETCATALOG_COMPILER_APPICON_NAME = AppIcon;
				CODE_SIGN_STYLE = Automatic;
				DEVELOPMENT_ASSET_PATHS = "\"CoronaUpdate/Preview Content\"";
				DEVELOPMENT_TEAM = W8A45L2WMS;
				ENABLE_PREVIEWS = YES;
				INFOPLIST_FILE = CoronaUpdate/Info.plist;
				LD_RUNPATH_SEARCH_PATHS = (
					"$(inherited)",
					"@executable_path/Frameworks",
				);
				PRODUCT_BUNDLE_IDENTIFIER = TFT.CoronaUpdate;
				PRODUCT_NAME = "$(TARGET_NAME)";
				SWIFT_VERSION = 5.0;
				TARGETED_DEVICE_FAMILY = "1,2";
			};
			name = Debug;
		};
		192B851A24CC097B00DD2CBA /* Release */ = {
			isa = XCBuildConfiguration;
			buildSettings = {
				ASSETCATALOG_COMPILER_APPICON_NAME = AppIcon;
				CODE_SIGN_STYLE = Automatic;
				DEVELOPMENT_ASSET_PATHS = "\"CoronaUpdate/Preview Content\"";
				DEVELOPMENT_TEAM = W8A45L2WMS;
				ENABLE_PREVIEWS = YES;
				INFOPLIST_FILE = CoronaUpdate/Info.plist;
				LD_RUNPATH_SEARCH_PATHS = (
					"$(inherited)",
					"@executable_path/Frameworks",
				);
				PRODUCT_BUNDLE_IDENTIFIER = TFT.CoronaUpdate;
				PRODUCT_NAME = "$(TARGET_NAME)";
				SWIFT_VERSION = 5.0;
				TARGETED_DEVICE_FAMILY = "1,2";
			};
			name = Release;
		};
/* End XCBuildConfiguration section */

/* Begin XCConfigurationList section */
		192B84FF24CC097800DD2CBA /* Build configuration list for PBXProject "CoronaUpdate" */ = {
			isa = XCConfigurationList;
			buildConfigurations = (
				192B851624CC097B00DD2CBA /* Debug */,
				192B851724CC097B00DD2CBA /* Release */,
			);
			defaultConfigurationIsVisible = 0;
			defaultConfigurationName = Release;
		};
		192B851824CC097B00DD2CBA /* Build configuration list for PBXNativeTarget "CoronaUpdate" */ = {
			isa = XCConfigurationList;
			buildConfigurations = (
				192B851924CC097B00DD2CBA /* Debug */,
				192B851A24CC097B00DD2CBA /* Release */,
			);
			defaultConfigurationIsVisible = 0;
			defaultConfigurationName = Release;
		};
/* End XCConfigurationList section */
	};
	rootObject = 192B84FC24CC097800DD2CBA /* Project object */;
}
